
Microsoft Visual Studio Solution File, Format Version 12.00
# Visual Studio Version 16
VisualStudioVersion = 16.0.32126.315
MinimumVisualStudioVersion = 10.0.40219.1
Project("{9A19103F-16F7-4668-BE54-9A1E7A4F7556}") = "Time_tracking_system", "Time_tracking_system\Time_tracking_system.csproj", "{49901326-281A-4A61-8ABF-1C5CD44B33D2}"
	ProjectSection(ProjectDependencies) = postProject
		{368BE5B2-4B40-4589-9FD1-0D9CB44CEA60} = {368BE5B2-4B40-4589-9FD1-0D9CB44CEA60}
	EndProjectSection
EndProject
Project("{2150E333-8FDC-42A3-9474-1A3956D46DE8}") = "DAL", "DAL", "{6A7355FE-8A9D-439B-8500-2B870DD821D0}"
EndProject
Project("{9A19103F-16F7-4668-BE54-9A1E7A4F7556}") = "Time_tracking_system.DAL", "Time_tracking_system.DAL\Time_tracking_system.DAL.csproj", "{E98FBAA6-BC2F-4629-9720-FA6F644F4A02}"
EndProject
Project("{2150E333-8FDC-42A3-9474-1A3956D46DE8}") = "Domain", "Domain", "{565EC2F8-310C-4A59-828F-BFB52E8C2C17}"
EndProject
Project("{9A19103F-16F7-4668-BE54-9A1E7A4F7556}") = "Time_tracking_system.Domain", "Time_tracking_system.Domain\Time_tracking_system.Domain.csproj", "{F10B3AFC-8706-454F-A485-B53B44EC7DA8}"
EndProject
Project("{2150E333-8FDC-42A3-9474-1A3956D46DE8}") = "Service", "Service", "{2D8BB878-05D7-4E8C-A486-0C3D04B3E0A4}"
EndProject
Project("{9A19103F-16F7-4668-BE54-9A1E7A4F7556}") = "Time_tracking_system.Service", "Time_tracking_system.Service\Time_tracking_system.Service.csproj", "{368BE5B2-4B40-4589-9FD1-0D9CB44CEA60}"
EndProject
Global
	GlobalSection(SolutionConfigurationPlatforms) = preSolution
		Debug|Any CPU = Debug|Any CPU
		Release|Any CPU = Release|Any CPU
	EndGlobalSection
	GlobalSection(ProjectConfigurationPlatforms) = postSolution
		{49901326-281A-4A61-8ABF-1C5CD44B33D2}.Debug|Any CPU.ActiveCfg = Debug|Any CPU
		{49901326-281A-4A61-8ABF-1C5CD44B33D2}.Debug|Any CPU.Build.0 = Debug|Any CPU
		{49901326-281A-4A61-8ABF-1C5CD44B33D2}.Release|Any CPU.ActiveCfg = Release|Any CPU
		{49901326-281A-4A61-8ABF-1C5CD44B33D2}.Release|Any CPU.Build.0 = Release|Any CPU
		{E98FBAA6-BC2F-4629-9720-FA6F644F4A02}.Debug|Any CPU.ActiveCfg = Debug|Any CPU
		{E98FBAA6-BC2F-4629-9720-FA6F644F4A02}.Debug|Any CPU.Build.0 = Debug|Any CPU
		{E98FBAA6-BC2F-4629-9720-FA6F644F4A02}.Release|Any CPU.ActiveCfg = Release|Any CPU
		{E98FBAA6-BC2F-4629-9720-FA6F644F4A02}.Release|Any CPU.Build.0 = Release|Any CPU
		{F10B3AFC-8706-454F-A485-B53B44EC7DA8}.Debug|Any CPU.ActiveCfg = Debug|Any CPU
		{F10B3AFC-8706-454F-A485-B53B44EC7DA8}.Debug|Any CPU.Build.0 = Debug|Any CPU
		{F10B3AFC-8706-454F-A485-B53B44EC7DA8}.Release|Any CPU.ActiveCfg = Release|Any CPU
		{F10B3AFC-8706-454F-A485-B53B44EC7DA8}.Release|Any CPU.Build.0 = Release|Any CPU
		{368BE5B2-4B40-4589-9FD1-0D9CB44CEA60}.Debug|Any CPU.ActiveCfg = Debug|Any CPU
		{368BE5B2-4B40-4589-9FD1-0D9CB44CEA60}.Debug|Any CPU.Build.0 = Debug|Any CPU
		{368BE5B2-4B40-4589-9FD1-0D9CB44CEA60}.Release|Any CPU.ActiveCfg = Release|Any CPU
		{368BE5B2-4B40-4589-9FD1-0D9CB44CEA60}.Release|Any CPU.Build.0 = Release|Any CPU
	EndGlobalSection
	GlobalSection(SolutionProperties) = preSolution
		HideSolutionNode = FALSE
	EndGlobalSection
	GlobalSection(NestedProjects) = preSolution
		{E98FBAA6-BC2F-4629-9720-FA6F644F4A02} = {6A7355FE-8A9D-439B-8500-2B870DD821D0}
		{F10B3AFC-8706-454F-A485-B53B44EC7DA8} = {565EC2F8-310C-4A59-828F-BFB52E8C2C17}
		{368BE5B2-4B40-4589-9FD1-0D9CB44CEA60} = {2D8BB878-05D7-4E8C-A486-0C3D04B3E0A4}
	EndGlobalSection
	GlobalSection(ExtensibilityGlobals) = postSolution
		SolutionGuid = {DC7A4213-32C2-4A51-B78F-7D0999700424}
	EndGlobalSection
EndGlobal
